
Microsoft Visual Studio Solution File, Format Version 12.00
# Visual Studio Version 17
VisualStudioVersion = 17.14.36511.14
MinimumVisualStudioVersion = 10.0.40219.1
Project("{2150E333-8FDC-42A3-9474-1A3956D46DE8}") = "Task0", "Task0", "{02EA681E-C7D8-13C7-8484-4AC65E1B71E8}"
EndProject
Project("{FAE04EC0-301F-11D3-BF4B-00C04F79EFBC}") = "Tyuiu.BubenkoLG.Sprint1.Task0.V14", "Tyuiu.BubenkoLG.Sprint1.Task0.V14\Tyuiu.BubenkoLG.Sprint1.Task0.V14.csproj", "{EC6A4379-0838-4DA8-AC3D-A4147E668858}"
EndProject
Project("{FAE04EC0-301F-11D3-BF4B-00C04F79EFBC}") = "Tyuiu.BubenkoLG.Sprint1.Task0.V14.Lib", "Tyuiu.BubenkoLG.Sprint1.Task0.V14.Lib\Tyuiu.BubenkoLG.Sprint1.Task0.V14.Lib.csproj", "{2EC616EF-0935-44D9-9D1A-E9E0E6FD653C}"
EndProject
Project("{FAE04EC0-301F-11D3-BF4B-00C04F79EFBC}") = "Tyuiu.BubenkoLG.Sprint1.Task0.V14.Test", "Tyuiu.BubenkoLG.Sprint1.Task0.V14.Test\Tyuiu.BubenkoLG.Sprint1.Task0.V14.Test.csproj", "{B097A7C7-4620-4EA9-B5AE-2879430EE55F}"
EndProject
Project("{2150E333-8FDC-42A3-9474-1A3956D46DE8}") = "Task1", "Task1", "{49C7B893-5D63-4493-BBEC-4997A75785AE}"
EndProject
Project("{FAE04EC0-301F-11D3-BF4B-00C04F79EFBC}") = "Tyuiu.BubenkoLG.Sprint1.Task1.V24.Test", "Tyuiu.BubenkoLG.Sprint1.Task1.V24.Test\Tyuiu.BubenkoLG.Sprint1.Task1.V24.Test.csproj", "{8F94EDB4-8444-411B-9EA4-7ED5D3E84C3C}"
EndProject
Project("{FAE04EC0-301F-11D3-BF4B-00C04F79EFBC}") = "Tyuiu.BubenkoLG.Sprint1.Task1.V24.Lib", "Tyuiu.BubenkoLG.Sprint1.Task1.V24.Lib\Tyuiu.BubenkoLG.Sprint1.Task1.V24.Lib.csproj", "{47EF2876-F65F-488A-8B3F-CEF36E7BDCBD}"
EndProject
Project("{FAE04EC0-301F-11D3-BF4B-00C04F79EFBC}") = "Tyuiu.BubenkoLG.Sprint1.Task1.V24", "Tyuiu.BubenkoLG.Sprint1.Task1.V24\Tyuiu.BubenkoLG.Sprint1.Task1.V24.csproj", "{74BA8E7B-9457-4FD5-B518-5265F4908BA7}"
EndProject
Project("{2150E333-8FDC-42A3-9474-1A3956D46DE8}") = "Task2", "Task2", "{69A7F3D0-1BD2-4FD8-83B7-C10397C1E5AB}"
EndProject
Project("{FAE04EC0-301F-11D3-BF4B-00C04F79EFBC}") = "Tyuiu.BubenkoLG.Sprint1.Task2.V17.Test", "Tyuiu.BubenkoLG.Sprint1.Task2.V17.Test\Tyuiu.BubenkoLG.Sprint1.Task2.V17.Test.csproj", "{C6EC070E-94ED-46E4-89C3-E417A3FA837D}"
EndProject
Project("{FAE04EC0-301F-11D3-BF4B-00C04F79EFBC}") = "Tyuiu.BubenkoLG.Sprint1.Task2.V17.Lib", "Tyuiu.BubenkoLG.Sprint1.Task2.V17.Lib\Tyuiu.BubenkoLG.Sprint1.Task2.V17.Lib.csproj", "{C86322FE-DE28-4B5B-8567-81217C880ABC}"
EndProject
Project("{FAE04EC0-301F-11D3-BF4B-00C04F79EFBC}") = "Tyuiu.BubenkoLG.Sprint1.Task2.V17", "Tyuiu.BubenkoLG.Sprint1.Task2.V17\Tyuiu.BubenkoLG.Sprint1.Task2.V17.csproj", "{378001EA-9065-4EAA-B3D8-27862D266533}"
EndProject
Project("{2150E333-8FDC-42A3-9474-1A3956D46DE8}") = "Task3", "Task3", "{5D0DFE74-1342-4823-8E88-E6A40EBBF4F4}"
EndProject
Project("{FAE04EC0-301F-11D3-BF4B-00C04F79EFBC}") = "Tyuiu.BubenkoLG.Sprint1.Task3.V14", "Tyuiu.BubenkoLG.Sprint1.Task3.V14\Tyuiu.BubenkoLG.Sprint1.Task3.V14.csproj", "{65DD28AA-B210-42E6-9B98-D618A2EC70F9}"
EndProject
Project("{FAE04EC0-301F-11D3-BF4B-00C04F79EFBC}") = "Tyuiu.BubenkoLG.Sprint1.Task3.V14.Lib", "Tyuiu.BubenkoLG.Sprint1.Task3.V14.Lib\Tyuiu.BubenkoLG.Sprint1.Task3.V14.Lib.csproj", "{6AC36F1D-0DFC-4E3A-AB45-4B8CF725F668}"
EndProject
Project("{FAE04EC0-301F-11D3-BF4B-00C04F79EFBC}") = "Tyuiu.BubenkoLG.Sprint1.Task3.V14.Test", "Tyuiu.BubenkoLG.Sprint1.Task3.V14.Test\Tyuiu.BubenkoLG.Sprint1.Task3.V14.Test.csproj", "{E3183931-2FA6-4CA1-9CA2-46D281567F82}"
EndProject
Project("{2150E333-8FDC-42A3-9474-1A3956D46DE8}") = "Task4", "Task4", "{2F9B6335-1A43-426A-911B-31CFACFA5A19}"
EndProject
Project("{FAE04EC0-301F-11D3-BF4B-00C04F79EFBC}") = "Tyuiu.BubenkoLG.Sprint1.Task4.V29", "Tyuiu.BubenkoLG.Sprint1.Task4.V29\Tyuiu.BubenkoLG.Sprint1.Task4.V29.csproj", "{ECF8D407-35CF-4360-9FF2-FB87C4F722DB}"
EndProject
Project("{FAE04EC0-301F-11D3-BF4B-00C04F79EFBC}") = "Tyuiu.BubenkoLG.Sprint1.Task4.V29.Test", "Tyuiu.BubenkoLG.Sprint1.Task4.V29.Test\Tyuiu.BubenkoLG.Sprint1.Task4.V29.Test.csproj", "{11DA9945-718C-4311-924F-8988597686BC}"
EndProject
Project("{FAE04EC0-301F-11D3-BF4B-00C04F79EFBC}") = "Tyuiu.BubenkoLG.Sprint1.Task4.V29.Lib", "Tyuiu.BubenkoLG.Sprint1.Task4.V29.Lib\Tyuiu.BubenkoLG.Sprint1.Task4.V29.Lib.csproj", "{41656F22-BCE0-4F73-A11F-59105643133C}"
EndProject
Global
	GlobalSection(SolutionConfigurationPlatforms) = preSolution
		Debug|Any CPU = Debug|Any CPU
		Release|Any CPU = Release|Any CPU
	EndGlobalSection
	GlobalSection(ProjectConfigurationPlatforms) = postSolution
		{EC6A4379-0838-4DA8-AC3D-A4147E668858}.Debug|Any CPU.ActiveCfg = Debug|Any CPU
		{EC6A4379-0838-4DA8-AC3D-A4147E668858}.Debug|Any CPU.Build.0 = Debug|Any CPU
		{EC6A4379-0838-4DA8-AC3D-A4147E668858}.Release|Any CPU.ActiveCfg = Release|Any CPU
		{EC6A4379-0838-4DA8-AC3D-A4147E668858}.Release|Any CPU.Build.0 = Release|Any CPU
		{2EC616EF-0935-44D9-9D1A-E9E0E6FD653C}.Debug|Any CPU.ActiveCfg = Debug|Any CPU
		{2EC616EF-0935-44D9-9D1A-E9E0E6FD653C}.Debug|Any CPU.Build.0 = Debug|Any CPU
		{2EC616EF-0935-44D9-9D1A-E9E0E6FD653C}.Release|Any CPU.ActiveCfg = Release|Any CPU
		{2EC616EF-0935-44D9-9D1A-E9E0E6FD653C}.Release|Any CPU.Build.0 = Release|Any CPU
		{B097A7C7-4620-4EA9-B5AE-2879430EE55F}.Debug|Any CPU.ActiveCfg = Debug|Any CPU
		{B097A7C7-4620-4EA9-B5AE-2879430EE55F}.Debug|Any CPU.Build.0 = Debug|Any CPU
		{B097A7C7-4620-4EA9-B5AE-2879430EE55F}.Release|Any CPU.ActiveCfg = Release|Any CPU
		{B097A7C7-4620-4EA9-B5AE-2879430EE55F}.Release|Any CPU.Build.0 = Release|Any CPU
		{8F94EDB4-8444-411B-9EA4-7ED5D3E84C3C}.Debug|Any CPU.ActiveCfg = Debug|Any CPU
		{8F94EDB4-8444-411B-9EA4-7ED5D3E84C3C}.Debug|Any CPU.Build.0 = Debug|Any CPU
		{8F94EDB4-8444-411B-9EA4-7ED5D3E84C3C}.Release|Any CPU.ActiveCfg = Release|Any CPU
		{8F94EDB4-8444-411B-9EA4-7ED5D3E84C3C}.Release|Any CPU.Build.0 = Release|Any CPU
		{47EF2876-F65F-488A-8B3F-CEF36E7BDCBD}.Debug|Any CPU.ActiveCfg = Debug|Any CPU
		{47EF2876-F65F-488A-8B3F-CEF36E7BDCBD}.Debug|Any CPU.Build.0 = Debug|Any CPU
		{47EF2876-F65F-488A-8B3F-CEF36E7BDCBD}.Release|Any CPU.ActiveCfg = Release|Any CPU
		{47EF2876-F65F-488A-8B3F-CEF36E7BDCBD}.Release|Any CPU.Build.0 = Release|Any CPU
		{74BA8E7B-9457-4FD5-B518-5265F4908BA7}.Debug|Any CPU.ActiveCfg = Debug|Any CPU
		{74BA8E7B-9457-4FD5-B518-5265F4908BA7}.Debug|Any CPU.Build.0 = Debug|Any CPU
		{74BA8E7B-9457-4FD5-B518-5265F4908BA7}.Release|Any CPU.ActiveCfg = Release|Any CPU
		{74BA8E7B-9457-4FD5-B518-5265F4908BA7}.Release|Any CPU.Build.0 = Release|Any CPU
		{C6EC070E-94ED-46E4-89C3-E417A3FA837D}.Debug|Any CPU.ActiveCfg = Debug|Any CPU
		{C6EC070E-94ED-46E4-89C3-E417A3FA837D}.Debug|Any CPU.Build.0 = Debug|Any CPU
		{C6EC070E-94ED-46E4-89C3-E417A3FA837D}.Release|Any CPU.ActiveCfg = Release|Any CPU
		{C6EC070E-94ED-46E4-89C3-E417A3FA837D}.Release|Any CPU.Build.0 = Release|Any CPU
		{C86322FE-DE28-4B5B-8567-81217C880ABC}.Debug|Any CPU.ActiveCfg = Debug|Any CPU
		{C86322FE-DE28-4B5B-8567-81217C880ABC}.Debug|Any CPU.Build.0 = Debug|Any CPU
		{C86322FE-DE28-4B5B-8567-81217C880ABC}.Release|Any CPU.ActiveCfg = Release|Any CPU
		{C86322FE-DE28-4B5B-8567-81217C880ABC}.Release|Any CPU.Build.0 = Release|Any CPU
		{378001EA-9065-4EAA-B3D8-27862D266533}.Debug|Any CPU.ActiveCfg = Debug|Any CPU
		{378001EA-9065-4EAA-B3D8-27862D266533}.Debug|Any CPU.Build.0 = Debug|Any CPU
		{378001EA-9065-4EAA-B3D8-27862D266533}.Release|Any CPU.ActiveCfg = Release|Any CPU
		{378001EA-9065-4EAA-B3D8-27862D266533}.Release|Any CPU.Build.0 = Release|Any CPU
		{65DD28AA-B210-42E6-9B98-D618A2EC70F9}.Debug|Any CPU.ActiveCfg = Debug|Any CPU
		{65DD28AA-B210-42E6-9B98-D618A2EC70F9}.Debug|Any CPU.Build.0 = Debug|Any CPU
		{65DD28AA-B210-42E6-9B98-D618A2EC70F9}.Release|Any CPU.ActiveCfg = Release|Any CPU
		{65DD28AA-B210-42E6-9B98-D618A2EC70F9}.Release|Any CPU.Build.0 = Release|Any CPU
		{6AC36F1D-0DFC-4E3A-AB45-4B8CF725F668}.Debug|Any CPU.ActiveCfg = Debug|Any CPU
		{6AC36F1D-0DFC-4E3A-AB45-4B8CF725F668}.Debug|Any CPU.Build.0 = Debug|Any CPU
		{6AC36F1D-0DFC-4E3A-AB45-4B8CF725F668}.Release|Any CPU.ActiveCfg = Release|Any CPU
		{6AC36F1D-0DFC-4E3A-AB45-4B8CF725F668}.Release|Any CPU.Build.0 = Release|Any CPU
		{E3183931-2FA6-4CA1-9CA2-46D281567F82}.Debug|Any CPU.ActiveCfg = Debug|Any CPU
		{E3183931-2FA6-4CA1-9CA2-46D281567F82}.Debug|Any CPU.Build.0 = Debug|Any CPU
		{E3183931-2FA6-4CA1-9CA2-46D281567F82}.Release|Any CPU.ActiveCfg = Release|Any CPU
		{E3183931-2FA6-4CA1-9CA2-46D281567F82}.Release|Any CPU.Build.0 = Release|Any CPU
		{ECF8D407-35CF-4360-9FF2-FB87C4F722DB}.Debug|Any CPU.ActiveCfg = Debug|Any CPU
		{ECF8D407-35CF-4360-9FF2-FB87C4F722DB}.Debug|Any CPU.Build.0 = Debug|Any CPU
		{ECF8D407-35CF-4360-9FF2-FB87C4F722DB}.Release|Any CPU.ActiveCfg = Release|Any CPU
		{ECF8D407-35CF-4360-9FF2-FB87C4F722DB}.Release|Any CPU.Build.0 = Release|Any CPU
		{11DA9945-718C-4311-924F-8988597686BC}.Debug|Any CPU.ActiveCfg = Debug|Any CPU
		{11DA9945-718C-4311-924F-8988597686BC}.Debug|Any CPU.Build.0 = Debug|Any CPU
		{11DA9945-718C-4311-924F-8988597686BC}.Release|Any CPU.ActiveCfg = Release|Any CPU
		{11DA9945-718C-4311-924F-8988597686BC}.Release|Any CPU.Build.0 = Release|Any CPU
		{41656F22-BCE0-4F73-A11F-59105643133C}.Debug|Any CPU.ActiveCfg = Debug|Any CPU
		{41656F22-BCE0-4F73-A11F-59105643133C}.Debug|Any CPU.Build.0 = Debug|Any CPU
		{41656F22-BCE0-4F73-A11F-59105643133C}.Release|Any CPU.ActiveCfg = Release|Any CPU
		{41656F22-BCE0-4F73-A11F-59105643133C}.Release|Any CPU.Build.0 = Release|Any CPU
	EndGlobalSection
	GlobalSection(SolutionProperties) = preSolution
		HideSolutionNode = FALSE
	EndGlobalSection
	GlobalSection(NestedProjects) = preSolution
		{EC6A4379-0838-4DA8-AC3D-A4147E668858} = {02EA681E-C7D8-13C7-8484-4AC65E1B71E8}
		{2EC616EF-0935-44D9-9D1A-E9E0E6FD653C} = {02EA681E-C7D8-13C7-8484-4AC65E1B71E8}
		{B097A7C7-4620-4EA9-B5AE-2879430EE55F} = {02EA681E-C7D8-13C7-8484-4AC65E1B71E8}
		{8F94EDB4-8444-411B-9EA4-7ED5D3E84C3C} = {49C7B893-5D63-4493-BBEC-4997A75785AE}
		{47EF2876-F65F-488A-8B3F-CEF36E7BDCBD} = {49C7B893-5D63-4493-BBEC-4997A75785AE}
		{74BA8E7B-9457-4FD5-B518-5265F4908BA7} = {49C7B893-5D63-4493-BBEC-4997A75785AE}
		{C6EC070E-94ED-46E4-89C3-E417A3FA837D} = {69A7F3D0-1BD2-4FD8-83B7-C10397C1E5AB}
		{C86322FE-DE28-4B5B-8567-81217C880ABC} = {69A7F3D0-1BD2-4FD8-83B7-C10397C1E5AB}
		{378001EA-9065-4EAA-B3D8-27862D266533} = {69A7F3D0-1BD2-4FD8-83B7-C10397C1E5AB}
		{65DD28AA-B210-42E6-9B98-D618A2EC70F9} = {5D0DFE74-1342-4823-8E88-E6A40EBBF4F4}
		{6AC36F1D-0DFC-4E3A-AB45-4B8CF725F668} = {5D0DFE74-1342-4823-8E88-E6A40EBBF4F4}
		{E3183931-2FA6-4CA1-9CA2-46D281567F82} = {5D0DFE74-1342-4823-8E88-E6A40EBBF4F4}
		{ECF8D407-35CF-4360-9FF2-FB87C4F722DB} = {2F9B6335-1A43-426A-911B-31CFACFA5A19}
		{11DA9945-718C-4311-924F-8988597686BC} = {2F9B6335-1A43-426A-911B-31CFACFA5A19}
		{41656F22-BCE0-4F73-A11F-59105643133C} = {2F9B6335-1A43-426A-911B-31CFACFA5A19}
	EndGlobalSection
	GlobalSection(ExtensibilityGlobals) = postSolution
		SolutionGuid = {0756E2DE-8B1B-4C32-A90B-C6825F373C3B}
	EndGlobalSection
EndGlobal
