
Microsoft Visual Studio Solution File, Format Version 12.00
# Visual Studio Version 17
VisualStudioVersion = 17.14.36414.22
MinimumVisualStudioVersion = 10.0.40219.1
Project("{2150E333-8FDC-42A3-9474-1A3956D46DE8}") = "Task0", "Task0", "{02EA681E-C7D8-13C7-8484-4AC65E1B71E8}"
EndProject
Project("{FAE04EC0-301F-11D3-BF4B-00C04F79EFBC}") = "Tyuiu.BubenkoLG.Sprint1.Task0.V14", "Tyuiu.BubenkoLG.Sprint1.Task0.V14\Tyuiu.BubenkoLG.Sprint1.Task0.V14.csproj", "{047D2061-255F-4AB4-9654-953AA4224ECE}"
EndProject
Project("{FAE04EC0-301F-11D3-BF4B-00C04F79EFBC}") = "Tyuiu.BubenkoLG.Sprint1.Task0.V14.Lib", "Tyuiu.BubenkoLG.Sprint1.Task0.V14.Lib\Tyuiu.BubenkoLG.Sprint1.Task0.V14.Lib.csproj", "{B074BF2E-5E6E-4874-8D5B-1B9A8DD36974}"
EndProject
Project("{FAE04EC0-301F-11D3-BF4B-00C04F79EFBC}") = "Tyuiu.BubenkoLG.Sprint1.Task0.V14.Test", "Tyuiu.BubenkoLG.Sprint1.Task0.V14.Test\Tyuiu.BubenkoLG.Sprint1.Task0.V14.Test.csproj", "{8548A0D8-A5FA-4EC1-A50D-5F0C98EA50D0}"
EndProject
Project("{2150E333-8FDC-42A3-9474-1A3956D46DE8}") = "Task1", "Task1", "{AC87B2D2-9873-49A4-8EFD-E33C80D43358}"
EndProject
Project("{FAE04EC0-301F-11D3-BF4B-00C04F79EFBC}") = "Tyuiu.BubenkoLG.Sprint1.Task1.V24", "Tyuiu.BubenkoLG.Sprint1.Task1.V24\Tyuiu.BubenkoLG.Sprint1.Task1.V24.csproj", "{A0C03F2B-776C-46F3-ADD5-3064A7FC278E}"
EndProject
Project("{FAE04EC0-301F-11D3-BF4B-00C04F79EFBC}") = "Tyuiu.BubenkoLG.Sprint1.Task1.V24.Test", "Tyuiu.BubenkoLG.Sprint1.Task1.V24.Test\Tyuiu.BubenkoLG.Sprint1.Task1.V24.Test.csproj", "{81DED3EC-D488-4B6F-AE95-EBB77046812F}"
EndProject
Project("{FAE04EC0-301F-11D3-BF4B-00C04F79EFBC}") = "Tyuiu.BubenkoLG.Sprint1.Task1.V24.Lib", "Tyuiu.BubenkoLG.Sprint1.Task1.V24.Lib\Tyuiu.BubenkoLG.Sprint1.Task1.V24.Lib.csproj", "{7E9F7EB5-0181-4455-B916-EB64365635DA}"
EndProject
Project("{2150E333-8FDC-42A3-9474-1A3956D46DE8}") = "Task2", "Task2", "{3D99C7E4-73E6-415E-8D3F-489A86CED920}"
EndProject
Project("{FAE04EC0-301F-11D3-BF4B-00C04F79EFBC}") = "Tyuiu.BubenkoLG.Sprint1.Task2.V17", "Tyuiu.BubenkoLG.Sprint1.Task2.V17\Tyuiu.BubenkoLG.Sprint1.Task2.V17.csproj", "{6E5A2020-E45A-40E9-A51E-E76BA3BB8D93}"
EndProject
Project("{FAE04EC0-301F-11D3-BF4B-00C04F79EFBC}") = "Tyuiu.BubenkoLG.Sprint1.Task2.V17.Lib", "Tyuiu.BubenkoLG.Sprint1.Task2.V17.Lib\Tyuiu.BubenkoLG.Sprint1.Task2.V17.Lib.csproj", "{76F5FD55-3590-4A3C-A36B-22701833EFE9}"
EndProject
Project("{FAE04EC0-301F-11D3-BF4B-00C04F79EFBC}") = "Tyuiu.BubenkoLG.Sprint1.Task2.V17.Test", "Tyuiu.BubenkoLG.Sprint1.Task2.V17.Test\Tyuiu.BubenkoLG.Sprint1.Task2.V17.Test.csproj", "{C8C556CE-F8F0-4B32-B8D1-4B7C36BF30C8}"
EndProject
Global
	GlobalSection(SolutionConfigurationPlatforms) = preSolution
		Debug|Any CPU = Debug|Any CPU
		Release|Any CPU = Release|Any CPU
	EndGlobalSection
	GlobalSection(ProjectConfigurationPlatforms) = postSolution
		{047D2061-255F-4AB4-9654-953AA4224ECE}.Debug|Any CPU.ActiveCfg = Debug|Any CPU
		{047D2061-255F-4AB4-9654-953AA4224ECE}.Debug|Any CPU.Build.0 = Debug|Any CPU
		{047D2061-255F-4AB4-9654-953AA4224ECE}.Release|Any CPU.ActiveCfg = Release|Any CPU
		{047D2061-255F-4AB4-9654-953AA4224ECE}.Release|Any CPU.Build.0 = Release|Any CPU
		{B074BF2E-5E6E-4874-8D5B-1B9A8DD36974}.Debug|Any CPU.ActiveCfg = Debug|Any CPU
		{B074BF2E-5E6E-4874-8D5B-1B9A8DD36974}.Debug|Any CPU.Build.0 = Debug|Any CPU
		{B074BF2E-5E6E-4874-8D5B-1B9A8DD36974}.Release|Any CPU.ActiveCfg = Release|Any CPU
		{B074BF2E-5E6E-4874-8D5B-1B9A8DD36974}.Release|Any CPU.Build.0 = Release|Any CPU
		{8548A0D8-A5FA-4EC1-A50D-5F0C98EA50D0}.Debug|Any CPU.ActiveCfg = Debug|Any CPU
		{8548A0D8-A5FA-4EC1-A50D-5F0C98EA50D0}.Debug|Any CPU.Build.0 = Debug|Any CPU
		{8548A0D8-A5FA-4EC1-A50D-5F0C98EA50D0}.Release|Any CPU.ActiveCfg = Release|Any CPU
		{8548A0D8-A5FA-4EC1-A50D-5F0C98EA50D0}.Release|Any CPU.Build.0 = Release|Any CPU
		{A0C03F2B-776C-46F3-ADD5-3064A7FC278E}.Debug|Any CPU.ActiveCfg = Debug|Any CPU
		{A0C03F2B-776C-46F3-ADD5-3064A7FC278E}.Debug|Any CPU.Build.0 = Debug|Any CPU
		{A0C03F2B-776C-46F3-ADD5-3064A7FC278E}.Release|Any CPU.ActiveCfg = Release|Any CPU
		{A0C03F2B-776C-46F3-ADD5-3064A7FC278E}.Release|Any CPU.Build.0 = Release|Any CPU
		{81DED3EC-D488-4B6F-AE95-EBB77046812F}.Debug|Any CPU.ActiveCfg = Debug|Any CPU
		{81DED3EC-D488-4B6F-AE95-EBB77046812F}.Debug|Any CPU.Build.0 = Debug|Any CPU
		{81DED3EC-D488-4B6F-AE95-EBB77046812F}.Release|Any CPU.ActiveCfg = Release|Any CPU
		{81DED3EC-D488-4B6F-AE95-EBB77046812F}.Release|Any CPU.Build.0 = Release|Any CPU
		{7E9F7EB5-0181-4455-B916-EB64365635DA}.Debug|Any CPU.ActiveCfg = Debug|Any CPU
		{7E9F7EB5-0181-4455-B916-EB64365635DA}.Debug|Any CPU.Build.0 = Debug|Any CPU
		{7E9F7EB5-0181-4455-B916-EB64365635DA}.Release|Any CPU.ActiveCfg = Release|Any CPU
		{7E9F7EB5-0181-4455-B916-EB64365635DA}.Release|Any CPU.Build.0 = Release|Any CPU
		{6E5A2020-E45A-40E9-A51E-E76BA3BB8D93}.Debug|Any CPU.ActiveCfg = Debug|Any CPU
		{6E5A2020-E45A-40E9-A51E-E76BA3BB8D93}.Debug|Any CPU.Build.0 = Debug|Any CPU
		{6E5A2020-E45A-40E9-A51E-E76BA3BB8D93}.Release|Any CPU.ActiveCfg = Release|Any CPU
		{6E5A2020-E45A-40E9-A51E-E76BA3BB8D93}.Release|Any CPU.Build.0 = Release|Any CPU
		{76F5FD55-3590-4A3C-A36B-22701833EFE9}.Debug|Any CPU.ActiveCfg = Debug|Any CPU
		{76F5FD55-3590-4A3C-A36B-22701833EFE9}.Debug|Any CPU.Build.0 = Debug|Any CPU
		{76F5FD55-3590-4A3C-A36B-22701833EFE9}.Release|Any CPU.ActiveCfg = Release|Any CPU
		{76F5FD55-3590-4A3C-A36B-22701833EFE9}.Release|Any CPU.Build.0 = Release|Any CPU
		{C8C556CE-F8F0-4B32-B8D1-4B7C36BF30C8}.Debug|Any CPU.ActiveCfg = Debug|Any CPU
		{C8C556CE-F8F0-4B32-B8D1-4B7C36BF30C8}.Debug|Any CPU.Build.0 = Debug|Any CPU
		{C8C556CE-F8F0-4B32-B8D1-4B7C36BF30C8}.Release|Any CPU.ActiveCfg = Release|Any CPU
		{C8C556CE-F8F0-4B32-B8D1-4B7C36BF30C8}.Release|Any CPU.Build.0 = Release|Any CPU
	EndGlobalSection
	GlobalSection(SolutionProperties) = preSolution
		HideSolutionNode = FALSE
	EndGlobalSection
	GlobalSection(NestedProjects) = preSolution
		{047D2061-255F-4AB4-9654-953AA4224ECE} = {02EA681E-C7D8-13C7-8484-4AC65E1B71E8}
		{B074BF2E-5E6E-4874-8D5B-1B9A8DD36974} = {02EA681E-C7D8-13C7-8484-4AC65E1B71E8}
		{8548A0D8-A5FA-4EC1-A50D-5F0C98EA50D0} = {02EA681E-C7D8-13C7-8484-4AC65E1B71E8}
		{A0C03F2B-776C-46F3-ADD5-3064A7FC278E} = {AC87B2D2-9873-49A4-8EFD-E33C80D43358}
		{81DED3EC-D488-4B6F-AE95-EBB77046812F} = {AC87B2D2-9873-49A4-8EFD-E33C80D43358}
		{7E9F7EB5-0181-4455-B916-EB64365635DA} = {AC87B2D2-9873-49A4-8EFD-E33C80D43358}
		{6E5A2020-E45A-40E9-A51E-E76BA3BB8D93} = {3D99C7E4-73E6-415E-8D3F-489A86CED920}
		{76F5FD55-3590-4A3C-A36B-22701833EFE9} = {3D99C7E4-73E6-415E-8D3F-489A86CED920}
		{C8C556CE-F8F0-4B32-B8D1-4B7C36BF30C8} = {3D99C7E4-73E6-415E-8D3F-489A86CED920}
	EndGlobalSection
	GlobalSection(ExtensibilityGlobals) = postSolution
		SolutionGuid = {8F6F66D7-9D16-4D7A-B80B-769BF3FE2EB1}
	EndGlobalSection
EndGlobal
